
Microsoft Visual Studio Solution File, Format Version 12.00
# Visual Studio 15
VisualStudioVersion = 15.0.26228.4
MinimumVisualStudioVersion = 10.0.40219.1
Project("{FAE04EC0-301F-11D3-BF4B-00C04F79EFBC}") = "ExampleWebApplication", "ExampleWebApplication\ExampleWebApplication.csproj", "{603FA759-6DC3-4C69-BCE4-10C53BAA4318}"
EndProject
Project("{FAE04EC0-301F-11D3-BF4B-00C04F79EFBC}") = "ExampleLibrary", "ExampleLibrary\ExampleLibrary.csproj", "{780022FC-492C-453B-AC1F-9044A17CF652}"
EndProject
Project("{FAE04EC0-301F-11D3-BF4B-00C04F79EFBC}") = "WebApplication1", "WebApplication1\WebApplication1.csproj", "{7031942C-4E97-4259-93E5-2FFA8D63237E}"
EndProject
Global
	GlobalSection(SolutionConfigurationPlatforms) = preSolution
		Debug|Any CPU = Debug|Any CPU
		Release|Any CPU = Release|Any CPU
	EndGlobalSection
	GlobalSection(ProjectConfigurationPlatforms) = postSolution
		{603FA759-6DC3-4C69-BCE4-10C53BAA4318}.Debug|Any CPU.ActiveCfg = Debug|Any CPU
		{603FA759-6DC3-4C69-BCE4-10C53BAA4318}.Debug|Any CPU.Build.0 = Debug|Any CPU
		{603FA759-6DC3-4C69-BCE4-10C53BAA4318}.Release|Any CPU.ActiveCfg = Release|Any CPU
		{603FA759-6DC3-4C69-BCE4-10C53BAA4318}.Release|Any CPU.Build.0 = Release|Any CPU
		{780022FC-492C-453B-AC1F-9044A17CF652}.Debug|Any CPU.ActiveCfg = Debug|Any CPU
		{780022FC-492C-453B-AC1F-9044A17CF652}.Debug|Any CPU.Build.0 = Debug|Any CPU
		{780022FC-492C-453B-AC1F-9044A17CF652}.Release|Any CPU.ActiveCfg = Release|Any CPU
		{780022FC-492C-453B-AC1F-9044A17CF652}.Release|Any CPU.Build.0 = Release|Any CPU
		{7031942C-4E97-4259-93E5-2FFA8D63237E}.Debug|Any CPU.ActiveCfg = Debug|Any CPU
		{7031942C-4E97-4259-93E5-2FFA8D63237E}.Debug|Any CPU.Build.0 = Debug|Any CPU
		{7031942C-4E97-4259-93E5-2FFA8D63237E}.Release|Any CPU.ActiveCfg = Release|Any CPU
		{7031942C-4E97-4259-93E5-2FFA8D63237E}.Release|Any CPU.Build.0 = Release|Any CPU
	EndGlobalSection
	GlobalSection(SolutionProperties) = preSolution
		HideSolutionNode = FALSE
	EndGlobalSection
EndGlobal
